
Microsoft Visual Studio Solution File, Format Version 12.00
# Visual Studio Version 16
VisualStudioVersion = 16.0.29609.76
MinimumVisualStudioVersion = 10.0.40219.1
Project("{9A19103F-16F7-4668-BE54-9A1E7A4F7556}") = "OmitJsonPropertyNameConsole", "OmitJsonPropertyNameConsole.csproj", "{6FE13342-AA42-4FF4-B216-858744329A5A}"
EndProject
Global
	GlobalSection(SolutionConfigurationPlatforms) = preSolution
		Debug|Any CPU = Debug|Any CPU
		Release|Any CPU = Release|Any CPU
	EndGlobalSection
	GlobalSection(ProjectConfigurationPlatforms) = postSolution
		{6FE13342-AA42-4FF4-B216-858744329A5A}.Debug|Any CPU.ActiveCfg = Debug|Any CPU
		{6FE13342-AA42-4FF4-B216-858744329A5A}.Debug|Any CPU.Build.0 = Debug|Any CPU
		{6FE13342-AA42-4FF4-B216-858744329A5A}.Release|Any CPU.ActiveCfg = Release|Any CPU
		{6FE13342-AA42-4FF4-B216-858744329A5A}.Release|Any CPU.Build.0 = Release|Any CPU
	EndGlobalSection
	GlobalSection(SolutionProperties) = preSolution
		HideSolutionNode = FALSE
	EndGlobalSection
	GlobalSection(ExtensibilityGlobals) = postSolution
		SolutionGuid = {FC59A70D-FE95-4F87-BBDF-6E0CB6CD48A4}
	EndGlobalSection
EndGlobal
